
Microsoft Visual Studio Solution File, Format Version 12.00
# Visual Studio Version 17
VisualStudioVersion = 17.2.32519.379
MinimumVisualStudioVersion = 10.0.40219.1
Project("{FAE04EC0-301F-11D3-BF4B-00C04F79EFBC}") = "ReactionResol", "ReactionResol\ReactionResol.csproj", "{33DC7F16-E001-475F-8417-F4140D9C7138}"
EndProject
Global
	GlobalSection(SolutionConfigurationPlatforms) = preSolution
		Debug|Any CPU = Debug|Any CPU
		Release|Any CPU = Release|Any CPU
	EndGlobalSection
	GlobalSection(ProjectConfigurationPlatforms) = postSolution
		{33DC7F16-E001-475F-8417-F4140D9C7138}.Debug|Any CPU.ActiveCfg = Debug|Any CPU
		{33DC7F16-E001-475F-8417-F4140D9C7138}.Debug|Any CPU.Build.0 = Debug|Any CPU
		{33DC7F16-E001-475F-8417-F4140D9C7138}.Release|Any CPU.ActiveCfg = Release|Any CPU
		{33DC7F16-E001-475F-8417-F4140D9C7138}.Release|Any CPU.Build.0 = Release|Any CPU
	EndGlobalSection
	GlobalSection(SolutionProperties) = preSolution
		HideSolutionNode = FALSE
	EndGlobalSection
	GlobalSection(ExtensibilityGlobals) = postSolution
		SolutionGuid = {F8E60CF7-95C1-4DDA-8AB8-D675F7B26172}
	EndGlobalSection
EndGlobal
